
Microsoft Visual Studio Solution File, Format Version 12.00
# Visual Studio Version 16
VisualStudioVersion = 16.0.29905.134
MinimumVisualStudioVersion = 10.0.40219.1
Project("{FAE04EC0-301F-11D3-BF4B-00C04F79EFBC}") = "ConverterXlsx", "ConverterXlsx\ConverterXlsx.csproj", "{174A904E-4A28-4B93-815D-77FB9E8CCFB9}"
EndProject
Project("{FAE04EC0-301F-11D3-BF4B-00C04F79EFBC}") = "ConverterXlsxLibrary", "ConverterXlsxLibrary\ConverterXlsxLibrary.csproj", "{0EC40530-559B-4373-A1C8-A26004F80EF8}"
EndProject
Global
	GlobalSection(SolutionConfigurationPlatforms) = preSolution
		Debug|Any CPU = Debug|Any CPU
		Release|Any CPU = Release|Any CPU
	EndGlobalSection
	GlobalSection(ProjectConfigurationPlatforms) = postSolution
		{174A904E-4A28-4B93-815D-77FB9E8CCFB9}.Debug|Any CPU.ActiveCfg = Debug|Any CPU
		{174A904E-4A28-4B93-815D-77FB9E8CCFB9}.Debug|Any CPU.Build.0 = Debug|Any CPU
		{174A904E-4A28-4B93-815D-77FB9E8CCFB9}.Release|Any CPU.ActiveCfg = Release|Any CPU
		{174A904E-4A28-4B93-815D-77FB9E8CCFB9}.Release|Any CPU.Build.0 = Release|Any CPU
		{0EC40530-559B-4373-A1C8-A26004F80EF8}.Debug|Any CPU.ActiveCfg = Debug|Any CPU
		{0EC40530-559B-4373-A1C8-A26004F80EF8}.Debug|Any CPU.Build.0 = Debug|Any CPU
		{0EC40530-559B-4373-A1C8-A26004F80EF8}.Release|Any CPU.ActiveCfg = Release|Any CPU
		{0EC40530-559B-4373-A1C8-A26004F80EF8}.Release|Any CPU.Build.0 = Release|Any CPU
	EndGlobalSection
	GlobalSection(SolutionProperties) = preSolution
		HideSolutionNode = FALSE
	EndGlobalSection
	GlobalSection(ExtensibilityGlobals) = postSolution
		SolutionGuid = {AA66CE9B-A7A1-44C4-A42C-A6156C1573AE}
	EndGlobalSection
EndGlobal
